
Microsoft Visual Studio Solution File, Format Version 12.00
# Visual Studio Version 17
VisualStudioVersion = 17.0.31710.8
MinimumVisualStudioVersion = 10.0.40219.1
Project("{FAE04EC0-301F-11D3-BF4B-00C04F79EFBC}") = "hobbit-save-manager", "hobbit-save-manager\hobbit-save-manager.csproj", "{97A616D7-CA01-402B-B46A-A5E9211D3C94}"
EndProject
Global
	GlobalSection(SolutionConfigurationPlatforms) = preSolution
		Debug|Any CPU = Debug|Any CPU
		Release|Any CPU = Release|Any CPU
	EndGlobalSection
	GlobalSection(ProjectConfigurationPlatforms) = postSolution
		{97A616D7-CA01-402B-B46A-A5E9211D3C94}.Debug|Any CPU.ActiveCfg = Debug|Any CPU
		{97A616D7-CA01-402B-B46A-A5E9211D3C94}.Debug|Any CPU.Build.0 = Debug|Any CPU
		{97A616D7-CA01-402B-B46A-A5E9211D3C94}.Release|Any CPU.ActiveCfg = Release|Any CPU
		{97A616D7-CA01-402B-B46A-A5E9211D3C94}.Release|Any CPU.Build.0 = Release|Any CPU
	EndGlobalSection
	GlobalSection(SolutionProperties) = preSolution
		HideSolutionNode = FALSE
	EndGlobalSection
	GlobalSection(ExtensibilityGlobals) = postSolution
		SolutionGuid = {1D9E4EA2-5AE0-470C-8977-8768044E0F02}
	EndGlobalSection
EndGlobal
